
Microsoft Visual Studio Solution File, Format Version 12.00
# Visual Studio Version 17
VisualStudioVersion = 17.1.32328.378
MinimumVisualStudioVersion = 10.0.40219.1
Project("{FAE04EC0-301F-11D3-BF4B-00C04F79EFBC}") = "DailyTask", "DailyTask\DailyTask.csproj", "{38A17B96-097D-4C78-B5B3-88CB6099F5A4}"
EndProject
Global
	GlobalSection(SolutionConfigurationPlatforms) = preSolution
		Debug|Any CPU = Debug|Any CPU
		Release|Any CPU = Release|Any CPU
	EndGlobalSection
	GlobalSection(ProjectConfigurationPlatforms) = postSolution
		{38A17B96-097D-4C78-B5B3-88CB6099F5A4}.Debug|Any CPU.ActiveCfg = Debug|Any CPU
		{38A17B96-097D-4C78-B5B3-88CB6099F5A4}.Debug|Any CPU.Build.0 = Debug|Any CPU
		{38A17B96-097D-4C78-B5B3-88CB6099F5A4}.Release|Any CPU.ActiveCfg = Release|Any CPU
		{38A17B96-097D-4C78-B5B3-88CB6099F5A4}.Release|Any CPU.Build.0 = Release|Any CPU
	EndGlobalSection
	GlobalSection(SolutionProperties) = preSolution
		HideSolutionNode = FALSE
	EndGlobalSection
	GlobalSection(ExtensibilityGlobals) = postSolution
		SolutionGuid = {53A5F9AC-9D43-4D64-8E10-22083F5686CA}
	EndGlobalSection
EndGlobal
